Microsoft Visual Studio Solution File, Format Version 12.00
# Visual Studio Version 17
VisualStudioVersion = 17.0.32014.148
MinimumVisualStudioVersion = 10.0.40219.1
Project("{9A19103F-16F7-4668-BE54-9A1E7A4F7556}") = "Consumer", "Consumer\Consumer.csproj", "{DD719EA0-8844-406E-86DF-8025AC982B1C}"
EndProject
Project("{9A19103F-16F7-4668-BE54-9A1E7A4F7556}") = "ConsumerPact", "ConsumerPact\ConsumerPact.csproj", "{B3D42BFF-7090-475C-BAE5-90F94D8A7DEE}"
EndProject
Project("{9A19103F-16F7-4668-BE54-9A1E7A4F7556}") = "ProviderPact", "ProviderPact\ProviderPact.csproj", "{D5D9C317-77C1-44FA-A915-315C7CCD5A39}"
EndProject
Project("{9A19103F-16F7-4668-BE54-9A1E7A4F7556}") = "Provider", "Provider\Provider.csproj", "{50BC3835-CA1C-4252-81C2-3B3B290229E0}"
EndProject
Global
	GlobalSection(SolutionConfigurationPlatforms) = preSolution
		Debug|Any CPU = Debug|Any CPU
		Release|Any CPU = Release|Any CPU
	EndGlobalSection
	GlobalSection(ProjectConfigurationPlatforms) = postSolution
		{DD719EA0-8844-406E-86DF-8025AC982B1C}.Debug|Any CPU.ActiveCfg = Debug|Any CPU
		{DD719EA0-8844-406E-86DF-8025AC982B1C}.Debug|Any CPU.Build.0 = Debug|Any CPU
		{DD719EA0-8844-406E-86DF-8025AC982B1C}.Release|Any CPU.ActiveCfg = Release|Any CPU
		{DD719EA0-8844-406E-86DF-8025AC982B1C}.Release|Any CPU.Build.0 = Release|Any CPU
		{B3D42BFF-7090-475C-BAE5-90F94D8A7DEE}.Debug|Any CPU.ActiveCfg = Debug|Any CPU
		{B3D42BFF-7090-475C-BAE5-90F94D8A7DEE}.Debug|Any CPU.Build.0 = Debug|Any CPU
		{B3D42BFF-7090-475C-BAE5-90F94D8A7DEE}.Release|Any CPU.ActiveCfg = Release|Any CPU
		{B3D42BFF-7090-475C-BAE5-90F94D8A7DEE}.Release|Any CPU.Build.0 = Release|Any CPU
		{D5D9C317-77C1-44FA-A915-315C7CCD5A39}.Debug|Any CPU.ActiveCfg = Debug|Any CPU
		{D5D9C317-77C1-44FA-A915-315C7CCD5A39}.Debug|Any CPU.Build.0 = Debug|Any CPU
		{D5D9C317-77C1-44FA-A915-315C7CCD5A39}.Release|Any CPU.ActiveCfg = Release|Any CPU
		{D5D9C317-77C1-44FA-A915-315C7CCD5A39}.Release|Any CPU.Build.0 = Release|Any CPU
		{50BC3835-CA1C-4252-81C2-3B3B290229E0}.Debug|Any CPU.ActiveCfg = Debug|Any CPU
		{50BC3835-CA1C-4252-81C2-3B3B290229E0}.Debug|Any CPU.Build.0 = Debug|Any CPU
		{50BC3835-CA1C-4252-81C2-3B3B290229E0}.Release|Any CPU.ActiveCfg = Release|Any CPU
		{50BC3835-CA1C-4252-81C2-3B3B290229E0}.Release|Any CPU.Build.0 = Release|Any CPU
	EndGlobalSection
	GlobalSection(SolutionProperties) = preSolution
		HideSolutionNode = FALSE
	EndGlobalSection
	GlobalSection(ExtensibilityGlobals) = postSolution
		SolutionGuid = {67D55AA2-DCD8-439A-BA7A-CE252F98A2A1}
	EndGlobalSection
EndGlobal
