Microsoft Visual Studio Solution File, Format Version 12.00
# Visual Studio Version 17
VisualStudioVersion = 17.0.32014.148
MinimumVisualStudioVersion = 10.0.40219.1
Project("{9A19103F-16F7-4668-BE54-9A1E7A4F7556}") = "ConsumerCharactersPact", "ConsumerCharactersPact\ConsumerCharactersPact.csproj", "{B3D42BFF-7090-475C-BAE5-90F94D8A7DEE}"
EndProject
Project("{9A19103F-16F7-4668-BE54-9A1E7A4F7556}") = "ProviderSuperHeroesConsumerCharactersPact", "ProviderSuperHeroesConsumerCharactersPact\ProviderSuperHeroesConsumerCharactersPact.csproj", "{D5D9C317-77C1-44FA-A915-315C7CCD5A39}"
EndProject
Project("{9A19103F-16F7-4668-BE54-9A1E7A4F7556}") = "ProviderSuperHeroes", "ProviderSuperHeroes\ProviderSuperHeroes.csproj", "{50BC3835-CA1C-4252-81C2-3B3B290229E0}"
EndProject
Project("{9A19103F-16F7-4668-BE54-9A1E7A4F7556}") = "ConsumerCharacters", "ConsumerCharacters\ConsumerCharacters.csproj", "{F3CED583-5ED0-4A74-A89E-B31ADBDE3715}"
EndProject
Project("{9A19103F-16F7-4668-BE54-9A1E7A4F7556}") = "ConsumerSuperHeroes", "ConsumerSuperHeroes\ConsumerSuperHeroes.csproj", "{2D378CFC-7BA9-4025-BCFB-E386AAF0AAA4}"
EndProject
Project("{9A19103F-16F7-4668-BE54-9A1E7A4F7556}") = "ConsumerSuperHeroesPact", "ConsumerSuperHeroesPact\ConsumerSuperHeroesPact.csproj", "{BED18019-034A-4A45-9AF7-02F1B7C48E0A}"
EndProject
Project("{2150E333-8FDC-42A3-9474-1A3956D46DE8}") = "Characters", "Characters", "{6009A49A-4B56-40E3-B6E6-E3B16D66D1AF}"
EndProject
Project("{2150E333-8FDC-42A3-9474-1A3956D46DE8}") = "SuperHeroes", "SuperHeroes", "{1DBAEE82-61E9-4201-9194-05F02A897390}"
EndProject
Project("{9A19103F-16F7-4668-BE54-9A1E7A4F7556}") = "ProviderSuperHeroesConsumerSuperHeroesPact", "ProviderSuperHeroesConsumerSuperHeroesPact\ProviderSuperHeroesConsumerSuperHeroesPact.csproj", "{968C239F-E8A3-4AC0-ACC4-DC6D4BCE6793}"
EndProject
Project("{2150E333-8FDC-42A3-9474-1A3956D46DE8}") = "Characters-Pact", "Characters-Pact", "{69BD85F6-E200-4F02-9CF8-4A0DF5EB16C2}"
EndProject
Project("{2150E333-8FDC-42A3-9474-1A3956D46DE8}") = "SuperHeroes-Pact", "SuperHeroes-Pact", "{20D77314-BD3D-4D79-9433-AA15BBF9DEDF}"
EndProject
Global
	GlobalSection(SolutionConfigurationPlatforms) = preSolution
		Debug|Any CPU = Debug|Any CPU
		Release|Any CPU = Release|Any CPU
	EndGlobalSection
	GlobalSection(ProjectConfigurationPlatforms) = postSolution
		{B3D42BFF-7090-475C-BAE5-90F94D8A7DEE}.Debug|Any CPU.ActiveCfg = Debug|Any CPU
		{B3D42BFF-7090-475C-BAE5-90F94D8A7DEE}.Debug|Any CPU.Build.0 = Debug|Any CPU
		{B3D42BFF-7090-475C-BAE5-90F94D8A7DEE}.Release|Any CPU.ActiveCfg = Release|Any CPU
		{B3D42BFF-7090-475C-BAE5-90F94D8A7DEE}.Release|Any CPU.Build.0 = Release|Any CPU
		{D5D9C317-77C1-44FA-A915-315C7CCD5A39}.Debug|Any CPU.ActiveCfg = Debug|Any CPU
		{D5D9C317-77C1-44FA-A915-315C7CCD5A39}.Debug|Any CPU.Build.0 = Debug|Any CPU
		{D5D9C317-77C1-44FA-A915-315C7CCD5A39}.Release|Any CPU.ActiveCfg = Release|Any CPU
		{D5D9C317-77C1-44FA-A915-315C7CCD5A39}.Release|Any CPU.Build.0 = Release|Any CPU
		{50BC3835-CA1C-4252-81C2-3B3B290229E0}.Debug|Any CPU.ActiveCfg = Debug|Any CPU
		{50BC3835-CA1C-4252-81C2-3B3B290229E0}.Debug|Any CPU.Build.0 = Debug|Any CPU
		{50BC3835-CA1C-4252-81C2-3B3B290229E0}.Release|Any CPU.ActiveCfg = Release|Any CPU
		{50BC3835-CA1C-4252-81C2-3B3B290229E0}.Release|Any CPU.Build.0 = Release|Any CPU
		{F3CED583-5ED0-4A74-A89E-B31ADBDE3715}.Debug|Any CPU.ActiveCfg = Debug|Any CPU
		{F3CED583-5ED0-4A74-A89E-B31ADBDE3715}.Debug|Any CPU.Build.0 = Debug|Any CPU
		{F3CED583-5ED0-4A74-A89E-B31ADBDE3715}.Release|Any CPU.ActiveCfg = Release|Any CPU
		{F3CED583-5ED0-4A74-A89E-B31ADBDE3715}.Release|Any CPU.Build.0 = Release|Any CPU
		{2D378CFC-7BA9-4025-BCFB-E386AAF0AAA4}.Debug|Any CPU.ActiveCfg = Debug|Any CPU
		{2D378CFC-7BA9-4025-BCFB-E386AAF0AAA4}.Debug|Any CPU.Build.0 = Debug|Any CPU
		{2D378CFC-7BA9-4025-BCFB-E386AAF0AAA4}.Release|Any CPU.ActiveCfg = Release|Any CPU
		{2D378CFC-7BA9-4025-BCFB-E386AAF0AAA4}.Release|Any CPU.Build.0 = Release|Any CPU
		{BED18019-034A-4A45-9AF7-02F1B7C48E0A}.Debug|Any CPU.ActiveCfg = Debug|Any CPU
		{BED18019-034A-4A45-9AF7-02F1B7C48E0A}.Debug|Any CPU.Build.0 = Debug|Any CPU
		{BED18019-034A-4A45-9AF7-02F1B7C48E0A}.Release|Any CPU.ActiveCfg = Release|Any CPU
		{BED18019-034A-4A45-9AF7-02F1B7C48E0A}.Release|Any CPU.Build.0 = Release|Any CPU
		{968C239F-E8A3-4AC0-ACC4-DC6D4BCE6793}.Debug|Any CPU.ActiveCfg = Debug|Any CPU
		{968C239F-E8A3-4AC0-ACC4-DC6D4BCE6793}.Debug|Any CPU.Build.0 = Debug|Any CPU
		{968C239F-E8A3-4AC0-ACC4-DC6D4BCE6793}.Release|Any CPU.ActiveCfg = Release|Any CPU
		{968C239F-E8A3-4AC0-ACC4-DC6D4BCE6793}.Release|Any CPU.Build.0 = Release|Any CPU
	EndGlobalSection
	GlobalSection(SolutionProperties) = preSolution
		HideSolutionNode = FALSE
	EndGlobalSection
	GlobalSection(NestedProjects) = preSolution
		{B3D42BFF-7090-475C-BAE5-90F94D8A7DEE} = {69BD85F6-E200-4F02-9CF8-4A0DF5EB16C2}
		{D5D9C317-77C1-44FA-A915-315C7CCD5A39} = {69BD85F6-E200-4F02-9CF8-4A0DF5EB16C2}
		{F3CED583-5ED0-4A74-A89E-B31ADBDE3715} = {6009A49A-4B56-40E3-B6E6-E3B16D66D1AF}
		{2D378CFC-7BA9-4025-BCFB-E386AAF0AAA4} = {1DBAEE82-61E9-4201-9194-05F02A897390}
		{BED18019-034A-4A45-9AF7-02F1B7C48E0A} = {20D77314-BD3D-4D79-9433-AA15BBF9DEDF}
		{968C239F-E8A3-4AC0-ACC4-DC6D4BCE6793} = {20D77314-BD3D-4D79-9433-AA15BBF9DEDF}
		{69BD85F6-E200-4F02-9CF8-4A0DF5EB16C2} = {6009A49A-4B56-40E3-B6E6-E3B16D66D1AF}
		{20D77314-BD3D-4D79-9433-AA15BBF9DEDF} = {1DBAEE82-61E9-4201-9194-05F02A897390}
	EndGlobalSection
	GlobalSection(ExtensibilityGlobals) = postSolution
		SolutionGuid = {67D55AA2-DCD8-439A-BA7A-CE252F98A2A1}
	EndGlobalSection
EndGlobal
